
Microsoft Visual Studio Solution File, Format Version 12.00
# Visual Studio 15
VisualStudioVersion = 15.0.27703.2035
MinimumVisualStudioVersion = 10.0.40219.1
Project("{FAE04EC0-301F-11D3-BF4B-00C04F79EFBC}") = "ScoresComparison", "ScoresComparison\ScoresComparison.csproj", "{B1E50202-B261-44B4-B92F-23F4CEE25EF9}"
EndProject
Global
	GlobalSection(SolutionConfigurationPlatforms) = preSolution
		Debug|Any CPU = Debug|Any CPU
		Release|Any CPU = Release|Any CPU
	EndGlobalSection
	GlobalSection(ProjectConfigurationPlatforms) = postSolution
		{B1E50202-B261-44B4-B92F-23F4CEE25EF9}.Debug|Any CPU.ActiveCfg = Debug|Any CPU
		{B1E50202-B261-44B4-B92F-23F4CEE25EF9}.Debug|Any CPU.Build.0 = Debug|Any CPU
		{B1E50202-B261-44B4-B92F-23F4CEE25EF9}.Release|Any CPU.ActiveCfg = Release|Any CPU
		{B1E50202-B261-44B4-B92F-23F4CEE25EF9}.Release|Any CPU.Build.0 = Release|Any CPU
	EndGlobalSection
	GlobalSection(SolutionProperties) = preSolution
		HideSolutionNode = FALSE
	EndGlobalSection
	GlobalSection(ExtensibilityGlobals) = postSolution
		SolutionGuid = {A1D3ABE3-25CA-4414-A25F-59EF93233A6B}
	EndGlobalSection
EndGlobal
